
Microsoft Visual Studio Solution File, Format Version 12.00
# Visual Studio Version 16
VisualStudioVersion = 16.0.31911.196
MinimumVisualStudioVersion = 10.0.40219.1
Project("{FAE04EC0-301F-11D3-BF4B-00C04F79EFBC}") = "Proiect Florea (Hazard prevention)", "Proiect Florea (Hazard prevention).csproj", "{60C1EC2D-FCA0-4C06-8890-FD2D2A1D1B08}"
EndProject
Global
	GlobalSection(SolutionConfigurationPlatforms) = preSolution
		Debug|Any CPU = Debug|Any CPU
		Release|Any CPU = Release|Any CPU
	EndGlobalSection
	GlobalSection(ProjectConfigurationPlatforms) = postSolution
		{60C1EC2D-FCA0-4C06-8890-FD2D2A1D1B08}.Debug|Any CPU.ActiveCfg = Debug|Any CPU
		{60C1EC2D-FCA0-4C06-8890-FD2D2A1D1B08}.Debug|Any CPU.Build.0 = Debug|Any CPU
		{60C1EC2D-FCA0-4C06-8890-FD2D2A1D1B08}.Release|Any CPU.ActiveCfg = Release|Any CPU
		{60C1EC2D-FCA0-4C06-8890-FD2D2A1D1B08}.Release|Any CPU.Build.0 = Release|Any CPU
	EndGlobalSection
	GlobalSection(SolutionProperties) = preSolution
		HideSolutionNode = FALSE
	EndGlobalSection
	GlobalSection(ExtensibilityGlobals) = postSolution
		SolutionGuid = {58B0D3B8-41D0-4A26-8B71-856677B862A3}
	EndGlobalSection
EndGlobal
